{
  "name": "advent-of-code",
  "version": "1.0.0",
  "lockfileVersion": 2,
  "requires": true,
  "packages": {
    "": {
      "name": "advent-of-code",
      "version": "1.0.0",
      "license": "MIT",
      "dependencies": {
        "nodeplotlib": "^0.7.6"
      },
      "devDependencies": {}
    },
    "node_modules/@types/d3": {
      "version": "3.5.46",
      "resolved": "https://registry.npmjs.org/@types/d3/-/d3-3.5.46.tgz",
      "integrity": "sha512-jNHfiGd41+JUV43LTMzQNidyp4Hn0XfhoSmy8baE0d/N5pGYpD+yX03JacY/MH+smFxYOQGXlz4HxkRZOuRNOQ=="
    },
    "node_modules/@types/plotly.js": {
      "version": "1.54.17",
      "resolved": "https://registry.npmjs.org/@types/plotly.js/-/plotly.js-1.54.17.tgz",
      "integrity": "sha512-2nk1jEDQ85Ix6SQsC7M7Otl5M8OoYwTl7V/x2ptyX373slUJAj+vQ3njYGy/h9p/rxTq7W0fn3JvXjuxXuA0Qg==",
      "dependencies": {
        "@types/d3": "^3"
      }
    },
    "node_modules/nodeplotlib": {
      "version": "0.7.6",
      "resolved": "https://registry.npmjs.org/nodeplotlib/-/nodeplotlib-0.7.6.tgz",
      "integrity": "sha512-iqU2jAnGWNJ/esP7N/hloOKR2TiYRguv3Fn+kcBIrkd+xMICixCOh6y11cG0phFxDviG36Ti9czAqhzz5jMadw==",
      "dependencies": {
        "@types/plotly.js": "^1.54.16"
      }
    }
  },
  "dependencies": {
    "@types/d3": {
      "version": "3.5.46",
      "resolved": "https://registry.npmjs.org/@types/d3/-/d3-3.5.46.tgz",
      "integrity": "sha512-jNHfiGd41+JUV43LTMzQNidyp4Hn0XfhoSmy8baE0d/N5pGYpD+yX03JacY/MH+smFxYOQGXlz4HxkRZOuRNOQ=="
    },
    "@types/plotly.js": {
      "version": "1.54.17",
      "resolved": "https://registry.npmjs.org/@types/plotly.js/-/plotly.js-1.54.17.tgz",
      "integrity": "sha512-2nk1jEDQ85Ix6SQsC7M7Otl5M8OoYwTl7V/x2ptyX373slUJAj+vQ3njYGy/h9p/rxTq7W0fn3JvXjuxXuA0Qg==",
      "requires": {
        "@types/d3": "^3"
      }
    },
    "nodeplotlib": {
      "version": "0.7.6",
      "resolved": "https://registry.npmjs.org/nodeplotlib/-/nodeplotlib-0.7.6.tgz",
      "integrity": "sha512-iqU2jAnGWNJ/esP7N/hloOKR2TiYRguv3Fn+kcBIrkd+xMICixCOh6y11cG0phFxDviG36Ti9czAqhzz5jMadw==",
      "requires": {
        "@types/plotly.js": "^1.54.16"
      }
    }
  }
}
